// !$*UTF8*$!
{
	archiveVersion = 1;
	classes = {
	};
	objectVersion = 46;
	objects = {

/* Begin PBXBuildFile section */
		5919B3235667BE037ACE3EB7 /* libPods-SportsTracker.a in Frameworks */ = {isa = PBXBuildFile; fileRef = C2228B1377037F54C354C3BB /* libPods-SportsTracker.a */; };
		7F62BF331C62A72000DDD296 /* SportsTracker.xcdatamodeld in Sources */ = {isa = PBXBuildFile; fileRef = 7F62BF311C62A72000DDD296 /* SportsTracker.xcdatamodeld */; };
		7FA45D891C648621009106BC /* profile-rabbit-toy.png in Resources */ = {isa = PBXBuildFile; fileRef = 7FA45D881C648621009106BC /* profile-rabbit-toy.png */; };
		7FB1BD071C6258B800D63762 /* main.m in Sources */ = {isa = PBXBuildFile; fileRef = 7FB1BD061C6258B800D63762 /* main.m */; };
		7FB1BD0A1C6258B800D63762 /* AppDelegate.m in Sources */ = {isa = PBXBuildFile; fileRef = 7FB1BD091C6258B800D63762 /* AppDelegate.m */; };
		7FB1BD0D1C6258B800D63762 /* HomeViewController.m in Sources */ = {isa = PBXBuildFile; fileRef = 7FB1BD0C1C6258B800D63762 /* HomeViewController.m */; };
		7FB1BD101C6258B800D63762 /* DiaryViewController.m in Sources */ = {isa = PBXBuildFile; fileRef = 7FB1BD0F1C6258B800D63762 /* DiaryViewController.m */; };
		7FB1BD131C6258B800D63762 /* Main.storyboard in Resources */ = {isa = PBXBuildFile; fileRef = 7FB1BD111C6258B800D63762 /* Main.storyboard */; };
		7FB1BD151C6258B800D63762 /* Assets.xcassets in Resources */ = {isa = PBXBuildFile; fileRef = 7FB1BD141C6258B800D63762 /* Assets.xcassets */; };
		7FB1BD181C6258B800D63762 /* LaunchScreen.storyboard in Resources */ = {isa = PBXBuildFile; fileRef = 7FB1BD161C6258B800D63762 /* LaunchScreen.storyboard */; };
		7FB1BD251C6266D100D63762 /* ExploreViewController.m in Sources */ = {isa = PBXBuildFile; fileRef = 7FB1BD241C6266D100D63762 /* ExploreViewController.m */; };
		7FB1BD281C626A4600D63762 /* SettingsViewController.m in Sources */ = {isa = PBXBuildFile; fileRef = 7FB1BD271C626A4600D63762 /* SettingsViewController.m */; };
/* End PBXBuildFile section */

/* Begin PBXFileReference section */
		6C86069D6DC1F94FDBD1E83B /* Pods-SportsTracker.debug.xcconfig */ = {isa = PBXFileReference; includeInIndex = 1; lastKnownFileType = text.xcconfig; name = "Pods-SportsTracker.debug.xcconfig"; path = "Pods/Target Support Files/Pods-SportsTracker/Pods-SportsTracker.debug.xcconfig"; sourceTree = "<group>"; };
		7F62BF321C62A72000DDD296 /* SportsTracker.xcdatamodel */ = {isa = PBXFileReference; lastKnownFileType = wrapper.xcdatamodel; path = SportsTracker.xcdatamodel; sourceTree = "<group>"; };
		7FA45D881C648621009106BC /* profile-rabbit-toy.png */ = {isa = PBXFileReference; lastKnownFileType = image.png; path = "profile-rabbit-toy.png"; sourceTree = "<group>"; };
		7FB1BD021C6258B800D63762 /* SportsTracker.app */ = {isa = PBXFileReference; explicitFileType = wrapper.application; includeInIndex = 0; path = SportsTracker.app; sourceTree = BUILT_PRODUCTS_DIR; };
		7FB1BD061C6258B800D63762 /* main.m */ = {isa = PBXFileReference; lastKnownFileType = sourcecode.c.objc; path = main.m; sourceTree = "<group>"; };
		7FB1BD081C6258B800D63762 /* AppDelegate.h */ = {isa = PBXFileReference; lastKnownFileType = sourcecode.c.h; path = AppDelegate.h; sourceTree = "<group>"; };
		7FB1BD091C6258B800D63762 /* AppDelegate.m */ = {isa = PBXFileReference; lastKnownFileType = sourcecode.c.objc; path = AppDelegate.m; sourceTree = "<group>"; };
		7FB1BD0B1C6258B800D63762 /* HomeViewController.h */ = {isa = PBXFileReference; lastKnownFileType = sourcecode.c.h; path = HomeViewController.h; sourceTree = "<group>"; };
		7FB1BD0C1C6258B800D63762 /* HomeViewController.m */ = {isa = PBXFileReference; lastKnownFileType = sourcecode.c.objc; path = HomeViewController.m; sourceTree = "<group>"; };
		7FB1BD0E1C6258B800D63762 /* DiaryViewController.h */ = {isa = PBXFileReference; lastKnownFileType = sourcecode.c.h; path = DiaryViewController.h; sourceTree = "<group>"; };
		7FB1BD0F1C6258B800D63762 /* DiaryViewController.m */ = {isa = PBXFileReference; lastKnownFileType = sourcecode.c.objc; path = DiaryViewController.m; sourceTree = "<group>"; };
		7FB1BD121C6258B800D63762 /* Base */ = {isa = PBXFileReference; lastKnownFileType = file.storyboard; name = Base; path = Base.lproj/Main.storyboard; sourceTree = "<group>"; };
		7FB1BD141C6258B800D63762 /* Assets.xcassets */ = {isa = PBXFileReference; lastKnownFileType = folder.assetcatalog; path = Assets.xcassets; sourceTree = "<group>"; };
		7FB1BD171C6258B800D63762 /* Base */ = {isa = PBXFileReference; lastKnownFileType = file.storyboard; name = Base; path = Base.lproj/LaunchScreen.storyboard; sourceTree = "<group>"; };
		7FB1BD191C6258B800D63762 /* Info.plist */ = {isa = PBXFileReference; lastKnownFileType = text.plist.xml; path = Info.plist; sourceTree = "<group>"; };
		7FB1BD231C6266D100D63762 /* ExploreViewController.h */ = {isa = PBXFileReference; fileEncoding = 4; lastKnownFileType = sourcecode.c.h; path = ExploreViewController.h; sourceTree = "<group>"; };
		7FB1BD241C6266D100D63762 /* ExploreViewController.m */ = {isa = PBXFileReference; fileEncoding = 4; lastKnownFileType = sourcecode.c.objc; path = ExploreViewController.m; sourceTree = "<group>"; };
		7FB1BD261C626A4600D63762 /* SettingsViewController.h */ = {isa = PBXFileReference; fileEncoding = 4; lastKnownFileType = sourcecode.c.h; path = SettingsViewController.h; sourceTree = "<group>"; };
		7FB1BD271C626A4600D63762 /* SettingsViewController.m */ = {isa = PBXFileReference; fileEncoding = 4; lastKnownFileType = sourcecode.c.objc; path = SettingsViewController.m; sourceTree = "<group>"; };
		C2228B1377037F54C354C3BB /* libPods-SportsTracker.a */ = {isa = PBXFileReference; explicitFileType = archive.ar; includeInIndex = 0; path = "libPods-SportsTracker.a"; sourceTree = BUILT_PRODUCTS_DIR; };
		F9E8D7400266D237C1A511A0 /* Pods-SportsTracker.release.xcconfig */ = {isa = PBXFileReference; includeInIndex = 1; lastKnownFileType = text.xcconfig; name = "Pods-SportsTracker.release.xcconfig"; path = "Pods/Target Support Files/Pods-SportsTracker/Pods-SportsTracker.release.xcconfig"; sourceTree = "<group>"; };
/* End PBXFileReference section */

/* Begin PBXFrameworksBuildPhase section */
		7FB1BCFF1C6258B800D63762 /* Frameworks */ = {
			isa = PBXFrameworksBuildPhase;
			buildActionMask = 2147483647;
			files = (
				5919B3235667BE037ACE3EB7 /* libPods-SportsTracker.a in Frameworks */,
			);
			runOnlyForDeploymentPostprocessing = 0;
		};
/* End PBXFrameworksBuildPhase section */

/* Begin PBXGroup section */
		10C8180180E3B9F25A084DEA /* Frameworks */ = {
			isa = PBXGroup;
			children = (
				C2228B1377037F54C354C3BB /* libPods-SportsTracker.a */,
			);
			name = Frameworks;
			sourceTree = "<group>";
		};
		2FD6E61CAF2FB242699C65B8 /* Pods */ = {
			isa = PBXGroup;
			children = (
				6C86069D6DC1F94FDBD1E83B /* Pods-SportsTracker.debug.xcconfig */,
				F9E8D7400266D237C1A511A0 /* Pods-SportsTracker.release.xcconfig */,
			);
			name = Pods;
			sourceTree = "<group>";
		};
		7FA45D871C6485FB009106BC /* Images */ = {
			isa = PBXGroup;
			children = (
				7FA45D881C648621009106BC /* profile-rabbit-toy.png */,
			);
			name = Images;
			sourceTree = "<group>";
		};
		7FB1BCF91C6258B800D63762 = {
			isa = PBXGroup;
			children = (
				7FB1BD041C6258B800D63762 /* SportsTracker */,
				7FB1BD031C6258B800D63762 /* Products */,
				2FD6E61CAF2FB242699C65B8 /* Pods */,
				10C8180180E3B9F25A084DEA /* Frameworks */,
			);
			sourceTree = "<group>";
		};
		7FB1BD031C6258B800D63762 /* Products */ = {
			isa = PBXGroup;
			children = (
				7FB1BD021C6258B800D63762 /* SportsTracker.app */,
			);
			name = Products;
			sourceTree = "<group>";
		};
		7FB1BD041C6258B800D63762 /* SportsTracker */ = {
			isa = PBXGroup;
			children = (
				7FA45D871C6485FB009106BC /* Images */,
				7FB1BD221C62660B00D63762 /* ViewControllers */,
				7FB1BD081C6258B800D63762 /* AppDelegate.h */,
				7FB1BD091C6258B800D63762 /* AppDelegate.m */,
				7FB1BD111C6258B800D63762 /* Main.storyboard */,
				7FB1BD141C6258B800D63762 /* Assets.xcassets */,
				7FB1BD161C6258B800D63762 /* LaunchScreen.storyboard */,
				7FB1BD191C6258B800D63762 /* Info.plist */,
				7F62BF311C62A72000DDD296 /* SportsTracker.xcdatamodeld */,
				7FB1BD051C6258B800D63762 /* Supporting Files */,
			);
			path = SportsTracker;
			sourceTree = "<group>";
		};
		7FB1BD051C6258B800D63762 /* Supporting Files */ = {
			isa = PBXGroup;
			children = (
				7FB1BD061C6258B800D63762 /* main.m */,
			);
			name = "Supporting Files";
			sourceTree = "<group>";
		};
		7FB1BD221C62660B00D63762 /* ViewControllers */ = {
			isa = PBXGroup;
			children = (
				7FB1BD0B1C6258B800D63762 /* HomeViewController.h */,
				7FB1BD0C1C6258B800D63762 /* HomeViewController.m */,
				7FB1BD0E1C6258B800D63762 /* DiaryViewController.h */,
				7FB1BD0F1C6258B800D63762 /* DiaryViewController.m */,
				7FB1BD231C6266D100D63762 /* ExploreViewController.h */,
				7FB1BD241C6266D100D63762 /* ExploreViewController.m */,
				7FB1BD261C626A4600D63762 /* SettingsViewController.h */,
				7FB1BD271C626A4600D63762 /* SettingsViewController.m */,
			);
			name = ViewControllers;
			sourceTree = "<group>";
		};
/* End PBXGroup section */

/* Begin PBXNativeTarget section */
		7FB1BD011C6258B800D63762 /* SportsTracker */ = {
			isa = PBXNativeTarget;
			buildConfigurationList = 7FB1BD1C1C6258B800D63762 /* Build configuration list for PBXNativeTarget "SportsTracker" */;
			buildPhases = (
				D2D74DF574E357631955C4C9 /* Check Pods Manifest.lock */,
				7FB1BCFE1C6258B800D63762 /* Sources */,
				7FB1BCFF1C6258B800D63762 /* Frameworks */,
				7FB1BD001C6258B800D63762 /* Resources */,
				F4F8EAD303DC67F78994834C /* Embed Pods Frameworks */,
				1BE8BE5E903DAFD73C25A89F /* Copy Pods Resources */,
			);
			buildRules = (
			);
			dependencies = (
			);
			name = SportsTracker;
			productName = SportsTracker;
			productReference = 7FB1BD021C6258B800D63762 /* SportsTracker.app */;
			productType = "com.apple.product-type.application";
		};
/* End PBXNativeTarget section */

/* Begin PBXProject section */
		7FB1BCFA1C6258B800D63762 /* Project object */ = {
			isa = PBXProject;
			attributes = {
				LastUpgradeCheck = 0720;
				ORGANIZATIONNAME = "Venelin Petkov";
				TargetAttributes = {
					7FB1BD011C6258B800D63762 = {
						CreatedOnToolsVersion = 7.2;
					};
				};
			};
			buildConfigurationList = 7FB1BCFD1C6258B800D63762 /* Build configuration list for PBXProject "SportsTracker" */;
			compatibilityVersion = "Xcode 3.2";
			developmentRegion = English;
			hasScannedForEncodings = 0;
			knownRegions = (
				en,
				Base,
			);
			mainGroup = 7FB1BCF91C6258B800D63762;
			productRefGroup = 7FB1BD031C6258B800D63762 /* Products */;
			projectDirPath = "";
			projectRoot = "";
			targets = (
				7FB1BD011C6258B800D63762 /* SportsTracker */,
			);
		};
/* End PBXProject section */

/* Begin PBXResourcesBuildPhase section */
		7FB1BD001C6258B800D63762 /* Resources */ = {
			isa = PBXResourcesBuildPhase;
			buildActionMask = 2147483647;
			files = (
				7FA45D891C648621009106BC /* profile-rabbit-toy.png in Resources */,
				7FB1BD181C6258B800D63762 /* LaunchScreen.storyboard in Resources */,
				7FB1BD151C6258B800D63762 /* Assets.xcassets in Resources */,
				7FB1BD131C6258B800D63762 /* Main.storyboard in Resources */,
			);
			runOnlyForDeploymentPostprocessing = 0;
		};
/* End PBXResourcesBuildPhase section */

/* Begin PBXShellScriptBuildPhase section */
		1BE8BE5E903DAFD73C25A89F /* Copy Pods Resources */ = {
			isa = PBXShellScriptBuildPhase;
			buildActionMask = 2147483647;
			files = (
			);
			inputPaths = (
			);
			name = "Copy Pods Resources";
			outputPaths = (
			);
			runOnlyForDeploymentPostprocessing = 0;
			shellPath = /bin/sh;
			shellScript = "\"${SRCROOT}/Pods/Target Support Files/Pods-SportsTracker/Pods-SportsTracker-resources.sh\"\n";
			showEnvVarsInLog = 0;
		};
		D2D74DF574E357631955C4C9 /* Check Pods Manifest.lock */ = {
			isa = PBXShellScriptBuildPhase;
			buildActionMask = 2147483647;
			files = (
			);
			inputPaths = (
			);
			name = "Check Pods Manifest.lock";
			outputPaths = (
			);
			runOnlyForDeploymentPostprocessing = 0;
			shellPath = /bin/sh;
			shellScript = "diff \"${PODS_ROOT}/../Podfile.lock\" \"${PODS_ROOT}/Manifest.lock\" > /dev/null\nif [[ $? != 0 ]] ; then\n    cat << EOM\nerror: The sandbox is not in sync with the Podfile.lock. Run 'pod install' or update your CocoaPods installation.\nEOM\n    exit 1\nfi\n";
			showEnvVarsInLog = 0;
		};
		F4F8EAD303DC67F78994834C /* Embed Pods Frameworks */ = {
			isa = PBXShellScriptBuildPhase;
			buildActionMask = 2147483647;
			files = (
			);
			inputPaths = (
			);
			name = "Embed Pods Frameworks";
			outputPaths = (
			);
			runOnlyForDeploymentPostprocessing = 0;
			shellPath = /bin/sh;
			shellScript = "\"${SRCROOT}/Pods/Target Support Files/Pods-SportsTracker/Pods-SportsTracker-frameworks.sh\"\n";
			showEnvVarsInLog = 0;
		};
/* End PBXShellScriptBuildPhase section */

/* Begin PBXSourcesBuildPhase section */
		7FB1BCFE1C6258B800D63762 /* Sources */ = {
			isa = PBXSourcesBuildPhase;
			buildActionMask = 2147483647;
			files = (
				7F62BF331C62A72000DDD296 /* SportsTracker.xcdatamodeld in Sources */,
				7FB1BD251C6266D100D63762 /* ExploreViewController.m in Sources */,
				7FB1BD101C6258B800D63762 /* DiaryViewController.m in Sources */,
				7FB1BD0A1C6258B800D63762 /* AppDelegate.m in Sources */,
				7FB1BD281C626A4600D63762 /* SettingsViewController.m in Sources */,
				7FB1BD0D1C6258B800D63762 /* HomeViewController.m in Sources */,
				7FB1BD071C6258B800D63762 /* main.m in Sources */,
			);
			runOnlyForDeploymentPostprocessing = 0;
		};
/* End PBXSourcesBuildPhase section */

/* Begin PBXVariantGroup section */
		7FB1BD111C6258B800D63762 /* Main.storyboard */ = {
			isa = PBXVariantGroup;
			children = (
				7FB1BD121C6258B800D63762 /* Base */,
			);
			name = Main.storyboard;
			sourceTree = "<group>";
		};
		7FB1BD161C6258B800D63762 /* LaunchScreen.storyboard */ = {
			isa = PBXVariantGroup;
			children = (
				7FB1BD171C6258B800D63762 /* Base */,
			);
			name = LaunchScreen.storyboard;
			sourceTree = "<group>";
		};
/* End PBXVariantGroup section */

/* Begin XCBuildConfiguration section */
		7FB1BD1A1C6258B800D63762 /* Debug */ = {
			isa = XCBuildConfiguration;
			buildSettings = {
				ALWAYS_SEARCH_USER_PATHS = NO;
				CLANG_CXX_LANGUAGE_STANDARD = "gnu++0x";
				CLANG_CXX_LIBRARY = "libc++";
				CLANG_ENABLE_MODULES = YES;
				CLANG_ENABLE_OBJC_ARC = YES;
				CLANG_WARN_BOOL_CONVERSION = YES;
				CLANG_WARN_CONSTANT_CONVERSION = YES;
				CLANG_WARN_DIRECT_OBJC_ISA_USAGE = YES_ERROR;
				CLANG_WARN_EMPTY_BODY = YES;
				CLANG_WARN_ENUM_CONVERSION = YES;
				CLANG_WARN_INT_CONVERSION = YES;
				CLANG_WARN_OBJC_ROOT_CLASS = YES_ERROR;
				CLANG_WARN_UNREACHABLE_CODE = YES;
				CLANG_WARN__DUPLICATE_METHOD_MATCH = YES;
				"CODE_SIGN_IDENTITY[sdk=iphoneos*]" = "iPhone Developer";
				COPY_PHASE_STRIP = NO;
				DEBUG_INFORMATION_FORMAT = dwarf;
				ENABLE_STRICT_OBJC_MSGSEND = YES;
				ENABLE_TESTABILITY = YES;
				GCC_C_LANGUAGE_STANDARD = gnu99;
				GCC_DYNAMIC_NO_PIC = NO;
				GCC_NO_COMMON_BLOCKS = YES;
				GCC_OPTIMIZATION_LEVEL = 0;
				GCC_PREPROCESSOR_DEFINITIONS = (
					"DEBUG=1",
					"$(inherited)",
				);
				GCC_WARN_64_TO_32_BIT_CONVERSION = YES;
				GCC_WARN_ABOUT_RETURN_TYPE = YES_ERROR;
				GCC_WARN_UNDECLARED_SELECTOR = YES;
				GCC_WARN_UNINITIALIZED_AUTOS = YES_AGGRESSIVE;
				GCC_WARN_UNUSED_FUNCTION = YES;
				GCC_WARN_UNUSED_VARIABLE = YES;
				IPHONEOS_DEPLOYMENT_TARGET = 9.2;
				MTL_ENABLE_DEBUG_INFO = YES;
				ONLY_ACTIVE_ARCH = YES;
				SDKROOT = iphoneos;
			};
			name = Debug;
		};
		7FB1BD1B1C6258B800D63762 /* Release */ = {
			isa = XCBuildConfiguration;
			buildSettings = {
				ALWAYS_SEARCH_USER_PATHS = NO;
				CLANG_CXX_LANGUAGE_STANDARD = "gnu++0x";
				CLANG_CXX_LIBRARY = "libc++";
				CLANG_ENABLE_MODULES = YES;
				CLANG_ENABLE_OBJC_ARC = YES;
				CLANG_WARN_BOOL_CONVERSION = YES;
				CLANG_WARN_CONSTANT_CONVERSION = YES;
				CLANG_WARN_DIRECT_OBJC_ISA_USAGE = YES_ERROR;
				CLANG_WARN_EMPTY_BODY = YES;
				CLANG_WARN_ENUM_CONVERSION = YES;
				CLANG_WARN_INT_CONVERSION = YES;
				CLANG_WARN_OBJC_ROOT_CLASS = YES_ERROR;
				CLANG_WARN_UNREACHABLE_CODE = YES;
				CLANG_WARN__DUPLICATE_METHOD_MATCH = YES;
				"CODE_SIGN_IDENTITY[sdk=iphoneos*]" = "iPhone Developer";
				COPY_PHASE_STRIP = NO;
				DEBUG_INFORMATION_FORMAT = "dwarf-with-dsym";
				ENABLE_NS_ASSERTIONS = NO;
				ENABLE_STRICT_OBJC_MSGSEND = YES;
				GCC_C_LANGUAGE_STANDARD = gnu99;
				GCC_NO_COMMON_BLOCKS = YES;
				GCC_WARN_64_TO_32_BIT_CONVERSION = YES;
				GCC_WARN_ABOUT_RETURN_TYPE = YES_ERROR;
				GCC_WARN_UNDECLARED_SELECTOR = YES;
				GCC_WARN_UNINITIALIZED_AUTOS = YES_AGGRESSIVE;
				GCC_WARN_UNUSED_FUNCTION = YES;
				GCC_WARN_UNUSED_VARIABLE = YES;
				IPHONEOS_DEPLOYMENT_TARGET = 9.2;
				MTL_ENABLE_DEBUG_INFO = NO;
				SDKROOT = iphoneos;
				VALIDATE_PRODUCT = YES;
			};
			name = Release;
		};
		7FB1BD1D1C6258B800D63762 /* Debug */ = {
			isa = XCBuildConfiguration;
			baseConfigurationReference = 6C86069D6DC1F94FDBD1E83B /* Pods-SportsTracker.debug.xcconfig */;
			buildSettings = {
				ASSETCATALOG_COMPILER_APPICON_NAME = AppIcon;
				INFOPLIST_FILE = SportsTracker/Info.plist;
				LD_RUNPATH_SEARCH_PATHS = "$(inherited) @executable_path/Frameworks";
				PRODUCT_BUNDLE_IDENTIFIER = eu.netcoms.SportsTracker;
				PRODUCT_NAME = "$(TARGET_NAME)";
			};
			name = Debug;
		};
		7FB1BD1E1C6258B800D63762 /* Release */ = {
			isa = XCBuildConfiguration;
			baseConfigurationReference = F9E8D7400266D237C1A511A0 /* Pods-SportsTracker.release.xcconfig */;
			buildSettings = {
				ASSETCATALOG_COMPILER_APPICON_NAME = AppIcon;
				INFOPLIST_FILE = SportsTracker/Info.plist;
				LD_RUNPATH_SEARCH_PATHS = "$(inherited) @executable_path/Frameworks";
				PRODUCT_BUNDLE_IDENTIFIER = eu.netcoms.SportsTracker;
				PRODUCT_NAME = "$(TARGET_NAME)";
			};
			name = Release;
		};
/* End XCBuildConfiguration section */

/* Begin XCConfigurationList section */
		7FB1BCFD1C6258B800D63762 /* Build configuration list for PBXProject "SportsTracker" */ = {
			isa = XCConfigurationList;
			buildConfigurations = (
				7FB1BD1A1C6258B800D63762 /* Debug */,
				7FB1BD1B1C6258B800D63762 /* Release */,
			);
			defaultConfigurationIsVisible = 0;
			defaultConfigurationName = Release;
		};
		7FB1BD1C1C6258B800D63762 /* Build configuration list for PBXNativeTarget "SportsTracker" */ = {
			isa = XCConfigurationList;
			buildConfigurations = (
				7FB1BD1D1C6258B800D63762 /* Debug */,
				7FB1BD1E1C6258B800D63762 /* Release */,
			);
			defaultConfigurationIsVisible = 0;
			defaultConfigurationName = Release;
		};
/* End XCConfigurationList section */

/* Begin XCVersionGroup section */
		7F62BF311C62A72000DDD296 /* SportsTracker.xcdatamodeld */ = {
			isa = XCVersionGroup;
			children = (
				7F62BF321C62A72000DDD296 /* SportsTracker.xcdatamodel */,
			);
			currentVersion = 7F62BF321C62A72000DDD296 /* SportsTracker.xcdatamodel */;
			path = SportsTracker.xcdatamodeld;
			sourceTree = "<group>";
			versionGroupType = wrapper.xcdatamodel;
		};
/* End XCVersionGroup section */
	};
	rootObject = 7FB1BCFA1C6258B800D63762 /* Project object */;
}
